{
  "originHash" : "8fd904fc6d7d15a044ed44588ab797df8b7b3a0d894ddc9b17c32a49e902b273",
  "pins" : [
    {
      "identity" : "jwtdecode.swift",
      "kind" : "remoteSourceControl",
      "location" : "https://github.com/auth0/JWTDecode.swift.git",
      "state" : {
        "revision" : "36a5ce735a61c4bc119593f43ce2c027b4ca7392",
        "version" : "3.3.0"
      }
    },
    {
      "identity" : "stripe-ios",
      "kind" : "remoteSourceControl",
      "location" : "https://github.com/stripe/stripe-ios.git",
      "state" : {
        "revision" : "729265b745b5969ad5fc4805c25f2d37168ca685",
        "version" : "25.3.1"
      }
    }
  ],
  "version" : 3
}
